# This file is automatically @generated by Cargo.
# It is not intended for manual editing.
version = 4

[[package]]
name = "micromath"
version = "2.1.0"
source = "registry+https://github.com/rust-lang/crates.io-index"
checksum = "c3c8dda44ff03a2f238717214da50f65d5a53b45cd213a7370424ffdb6fae815"

[[package]]
name = "snake_eul"
version = "0.1.0"
dependencies = [
 "micromath",
 "ternary-rs",
]

[[package]]
name = "ternary-rs"
version = "1.0.0"
source = "registry+https://github.com/rust-lang/crates.io-index"
checksum = "e61bf72441e3c95a03e7a7c8f4cee2971d451ecaddbc61cf405814d9a4a15631"
